// !$*UTF8*$!
{
	archiveVersion = 1;
	classes = {
	};
	objectVersion = 56;
	objects = {

/* Begin PBXBuildFile section */
		CE00D110296EE83F0040CFEA /* Node.swift in Sources */ = {isa = PBXBuildFile; fileRef = CE00D10F296EE83F0040CFEA /* Node.swift */; };
		CE00D112296EE9360040CFEA /* Scene.swift in Sources */ = {isa = PBXBuildFile; fileRef = CE00D111296EE9360040CFEA /* Scene.swift */; };
		CE00D114296EE9470040CFEA /* GameScene.swift in Sources */ = {isa = PBXBuildFile; fileRef = CE00D113296EE9470040CFEA /* GameScene.swift */; };
		CE00D116296EE9990040CFEA /* Renderable.swift in Sources */ = {isa = PBXBuildFile; fileRef = CE00D115296EE9990040CFEA /* Renderable.swift */; };
		CE1DE16E29520BD30030FB3E /* Extensions.swift in Sources */ = {isa = PBXBuildFile; fileRef = CE1DE16D29520BD30030FB3E /* Extensions.swift */; };
		CE1DE1702953507A0030FB3E /* Model.swift in Sources */ = {isa = PBXBuildFile; fileRef = CE1DE16F2953507A0030FB3E /* Model.swift */; };
		CE1DE173295352A20030FB3E /* train.mtl in Resources */ = {isa = PBXBuildFile; fileRef = CE1DE171295352A10030FB3E /* train.mtl */; };
		CE1DE174295352A20030FB3E /* train.obj in Resources */ = {isa = PBXBuildFile; fileRef = CE1DE172295352A10030FB3E /* train.obj */; };
		CE1DE17B29535AC60030FB3E /* MathLibrary.swift in Sources */ = {isa = PBXBuildFile; fileRef = CE1DE17A29535AC60030FB3E /* MathLibrary.swift */; };
		CE1DE17D29535B480030FB3E /* Transform.swift in Sources */ = {isa = PBXBuildFile; fileRef = CE1DE17C29535B480030FB3E /* Transform.swift */; };
		CE1DE18229535D020030FB3E /* treefir.mtl in Resources */ = {isa = PBXBuildFile; fileRef = CE1DE18029535D020030FB3E /* treefir.mtl */; };
		CE1DE18329535D020030FB3E /* treefir.obj in Resources */ = {isa = PBXBuildFile; fileRef = CE1DE18129535D020030FB3E /* treefir.obj */; };
		CE1DE185295361970030FB3E /* Cameras.swift in Sources */ = {isa = PBXBuildFile; fileRef = CE1DE184295361970030FB3E /* Cameras.swift */; };
		CEB38F6F2942282200C9B014 /* AppDelegate.swift in Sources */ = {isa = PBXBuildFile; fileRef = CEB38F6E2942282200C9B014 /* AppDelegate.swift */; };
		CEB38F712942282200C9B014 /* ViewController.swift in Sources */ = {isa = PBXBuildFile; fileRef = CEB38F702942282200C9B014 /* ViewController.swift */; };
		CEB38F732942282300C9B014 /* Assets.xcassets in Resources */ = {isa = PBXBuildFile; fileRef = CEB38F722942282300C9B014 /* Assets.xcassets */; };
		CEB38F762942282300C9B014 /* Main.storyboard in Resources */ = {isa = PBXBuildFile; fileRef = CEB38F742942282300C9B014 /* Main.storyboard */; };
		CEB38F7E2942293400C9B014 /* Renderer.swift in Sources */ = {isa = PBXBuildFile; fileRef = CEB38F7D2942293400C9B014 /* Renderer.swift */; };
		CEB38F802942309200C9B014 /* Shaders.metal in Sources */ = {isa = PBXBuildFile; fileRef = CEB38F7F2942309200C9B014 /* Shaders.metal */; };
/* End PBXBuildFile section */

/* Begin PBXFileReference section */
		CE00D10F296EE83F0040CFEA /* Node.swift */ = {isa = PBXFileReference; lastKnownFileType = sourcecode.swift; path = Node.swift; sourceTree = "<group>"; };
		CE00D111296EE9360040CFEA /* Scene.swift */ = {isa = PBXFileReference; lastKnownFileType = sourcecode.swift; path = Scene.swift; sourceTree = "<group>"; };
		CE00D113296EE9470040CFEA /* GameScene.swift */ = {isa = PBXFileReference; lastKnownFileType = sourcecode.swift; path = GameScene.swift; sourceTree = "<group>"; };
		CE00D115296EE9990040CFEA /* Renderable.swift */ = {isa = PBXFileReference; lastKnownFileType = sourcecode.swift; path = Renderable.swift; sourceTree = "<group>"; };
		CE1DE16D29520BD30030FB3E /* Extensions.swift */ = {isa = PBXFileReference; lastKnownFileType = sourcecode.swift; path = Extensions.swift; sourceTree = "<group>"; };
		CE1DE16F2953507A0030FB3E /* Model.swift */ = {isa = PBXFileReference; lastKnownFileType = sourcecode.swift; path = Model.swift; sourceTree = "<group>"; };
		CE1DE171295352A10030FB3E /* train.mtl */ = {isa = PBXFileReference; fileEncoding = 4; lastKnownFileType = text; path = train.mtl; sourceTree = "<group>"; };
		CE1DE172295352A10030FB3E /* train.obj */ = {isa = PBXFileReference; fileEncoding = 4; lastKnownFileType = text; path = train.obj; sourceTree = "<group>"; };
		CE1DE17A29535AC60030FB3E /* MathLibrary.swift */ = {isa = PBXFileReference; fileEncoding = 4; lastKnownFileType = sourcecode.swift; path = MathLibrary.swift; sourceTree = "<group>"; };
		CE1DE17C29535B480030FB3E /* Transform.swift */ = {isa = PBXFileReference; lastKnownFileType = sourcecode.swift; path = Transform.swift; sourceTree = "<group>"; };
		CE1DE18029535D020030FB3E /* treefir.mtl */ = {isa = PBXFileReference; fileEncoding = 4; lastKnownFileType = text; path = treefir.mtl; sourceTree = "<group>"; };
		CE1DE18129535D020030FB3E /* treefir.obj */ = {isa = PBXFileReference; fileEncoding = 4; lastKnownFileType = text; path = treefir.obj; sourceTree = "<group>"; };
		CE1DE184295361970030FB3E /* Cameras.swift */ = {isa = PBXFileReference; lastKnownFileType = sourcecode.swift; path = Cameras.swift; sourceTree = "<group>"; };
		CE1DE186295362900030FB3E /* Common.h */ = {isa = PBXFileReference; lastKnownFileType = sourcecode.c.h; path = Common.h; sourceTree = "<group>"; };
		CEB38F6B2942282200C9B014 /* MetalRenderer.app */ = {isa = PBXFileReference; explicitFileType = wrapper.application; includeInIndex = 0; path = MetalRenderer.app; sourceTree = BUILT_PRODUCTS_DIR; };
		CEB38F6E2942282200C9B014 /* AppDelegate.swift */ = {isa = PBXFileReference; lastKnownFileType = sourcecode.swift; path = AppDelegate.swift; sourceTree = "<group>"; };
		CEB38F702942282200C9B014 /* ViewController.swift */ = {isa = PBXFileReference; lastKnownFileType = sourcecode.swift; path = ViewController.swift; sourceTree = "<group>"; };
		CEB38F722942282300C9B014 /* Assets.xcassets */ = {isa = PBXFileReference; lastKnownFileType = folder.assetcatalog; path = Assets.xcassets; sourceTree = "<group>"; };
		CEB38F752942282300C9B014 /* Base */ = {isa = PBXFileReference; lastKnownFileType = file.storyboard; name = Base; path = Base.lproj/Main.storyboard; sourceTree = "<group>"; };
		CEB38F772942282300C9B014 /* MetalRenderer.entitlements */ = {isa = PBXFileReference; lastKnownFileType = text.plist.entitlements; path = MetalRenderer.entitlements; sourceTree = "<group>"; };
		CEB38F7D2942293400C9B014 /* Renderer.swift */ = {isa = PBXFileReference; lastKnownFileType = sourcecode.swift; path = Renderer.swift; sourceTree = "<group>"; };
		CEB38F7F2942309200C9B014 /* Shaders.metal */ = {isa = PBXFileReference; lastKnownFileType = sourcecode.metal; path = Shaders.metal; sourceTree = "<group>"; };
/* End PBXFileReference section */

/* Begin PBXFrameworksBuildPhase section */
		CEB38F682942282200C9B014 /* Frameworks */ = {
			isa = PBXFrameworksBuildPhase;
			buildActionMask = 2147483647;
			files = (
			);
			runOnlyForDeploymentPostprocessing = 0;
		};
/* End PBXFrameworksBuildPhase section */

/* Begin PBXGroup section */
		CE1DE175295352B10030FB3E /* Models */ = {
			isa = PBXGroup;
			children = (
				CE1DE172295352A10030FB3E /* train.obj */,
				CE1DE171295352A10030FB3E /* train.mtl */,
				CE1DE18129535D020030FB3E /* treefir.obj */,
				CE1DE18029535D020030FB3E /* treefir.mtl */,
			);
			path = Models;
			sourceTree = "<group>";
		};
		CEB38F622942282200C9B014 = {
			isa = PBXGroup;
			children = (
				CEB38F6D2942282200C9B014 /* MetalRenderer */,
				CEB38F6C2942282200C9B014 /* Products */,
			);
			sourceTree = "<group>";
		};
		CEB38F6C2942282200C9B014 /* Products */ = {
			isa = PBXGroup;
			children = (
				CEB38F6B2942282200C9B014 /* MetalRenderer.app */,
			);
			name = Products;
			sourceTree = "<group>";
		};
		CEB38F6D2942282200C9B014 /* MetalRenderer */ = {
			isa = PBXGroup;
			children = (
				CEB38F6E2942282200C9B014 /* AppDelegate.swift */,
				CEB38F702942282200C9B014 /* ViewController.swift */,
				CE1DE17A29535AC60030FB3E /* MathLibrary.swift */,
				CEB38F7D2942293400C9B014 /* Renderer.swift */,
				CE1DE16D29520BD30030FB3E /* Extensions.swift */,
				CE1DE16F2953507A0030FB3E /* Model.swift */,
				CE1DE184295361970030FB3E /* Cameras.swift */,
				CE00D10F296EE83F0040CFEA /* Node.swift */,
				CE00D111296EE9360040CFEA /* Scene.swift */,
				CE00D113296EE9470040CFEA /* GameScene.swift */,
				CE00D115296EE9990040CFEA /* Renderable.swift */,
				CEB38F7F2942309200C9B014 /* Shaders.metal */,
				CE1DE186295362900030FB3E /* Common.h */,
				CE1DE17C29535B480030FB3E /* Transform.swift */,
				CE1DE175295352B10030FB3E /* Models */,
				CEB38F722942282300C9B014 /* Assets.xcassets */,
				CEB38F742942282300C9B014 /* Main.storyboard */,
				CEB38F772942282300C9B014 /* MetalRenderer.entitlements */,
			);
			path = MetalRenderer;
			sourceTree = "<group>";
		};
/* End PBXGroup section */

/* Begin PBXNativeTarget section */
		CEB38F6A2942282200C9B014 /* MetalRenderer */ = {
			isa = PBXNativeTarget;
			buildConfigurationList = CEB38F7A2942282300C9B014 /* Build configuration list for PBXNativeTarget "MetalRenderer" */;
			buildPhases = (
				CEB38F672942282200C9B014 /* Sources */,
				CEB38F682942282200C9B014 /* Frameworks */,
				CEB38F692942282200C9B014 /* Resources */,
			);
			buildRules = (
			);
			dependencies = (
			);
			name = MetalRenderer;
			productName = MetalRenderer;
			productReference = CEB38F6B2942282200C9B014 /* MetalRenderer.app */;
			productType = "com.apple.product-type.application";
		};
/* End PBXNativeTarget section */

/* Begin PBXProject section */
		CEB38F632942282200C9B014 /* Project object */ = {
			isa = PBXProject;
			attributes = {
				BuildIndependentTargetsInParallel = 1;
				LastSwiftUpdateCheck = 1400;
				LastUpgradeCheck = 1400;
				TargetAttributes = {
					CEB38F6A2942282200C9B014 = {
						CreatedOnToolsVersion = 14.0.1;
					};
				};
			};
			buildConfigurationList = CEB38F662942282200C9B014 /* Build configuration list for PBXProject "MetalRenderer" */;
			compatibilityVersion = "Xcode 14.0";
			developmentRegion = en;
			hasScannedForEncodings = 0;
			knownRegions = (
				en,
				Base,
			);
			mainGroup = CEB38F622942282200C9B014;
			productRefGroup = CEB38F6C2942282200C9B014 /* Products */;
			projectDirPath = "";
			projectRoot = "";
			targets = (
				CEB38F6A2942282200C9B014 /* MetalRenderer */,
			);
		};
/* End PBXProject section */

/* Begin PBXResourcesBuildPhase section */
		CEB38F692942282200C9B014 /* Resources */ = {
			isa = PBXResourcesBuildPhase;
			buildActionMask = 2147483647;
			files = (
				CE1DE18229535D020030FB3E /* treefir.mtl in Resources */,
				CE1DE174295352A20030FB3E /* train.obj in Resources */,
				CEB38F732942282300C9B014 /* Assets.xcassets in Resources */,
				CE1DE18329535D020030FB3E /* treefir.obj in Resources */,
				CEB38F762942282300C9B014 /* Main.storyboard in Resources */,
				CE1DE173295352A20030FB3E /* train.mtl in Resources */,
			);
			runOnlyForDeploymentPostprocessing = 0;
		};
/* End PBXResourcesBuildPhase section */

/* Begin PBXSourcesBuildPhase section */
		CEB38F672942282200C9B014 /* Sources */ = {
			isa = PBXSourcesBuildPhase;
			buildActionMask = 2147483647;
			files = (
				CE1DE16E29520BD30030FB3E /* Extensions.swift in Sources */,
				CE00D110296EE83F0040CFEA /* Node.swift in Sources */,
				CE1DE17B29535AC60030FB3E /* MathLibrary.swift in Sources */,
				CEB38F802942309200C9B014 /* Shaders.metal in Sources */,
				CEB38F712942282200C9B014 /* ViewController.swift in Sources */,
				CE1DE1702953507A0030FB3E /* Model.swift in Sources */,
				CE00D114296EE9470040CFEA /* GameScene.swift in Sources */,
				CEB38F7E2942293400C9B014 /* Renderer.swift in Sources */,
				CE1DE17D29535B480030FB3E /* Transform.swift in Sources */,
				CEB38F6F2942282200C9B014 /* AppDelegate.swift in Sources */,
				CE1DE185295361970030FB3E /* Cameras.swift in Sources */,
				CE00D116296EE9990040CFEA /* Renderable.swift in Sources */,
				CE00D112296EE9360040CFEA /* Scene.swift in Sources */,
			);
			runOnlyForDeploymentPostprocessing = 0;
		};
/* End PBXSourcesBuildPhase section */

/* Begin PBXVariantGroup section */
		CEB38F742942282300C9B014 /* Main.storyboard */ = {
			isa = PBXVariantGroup;
			children = (
				CEB38F752942282300C9B014 /* Base */,
			);
			name = Main.storyboard;
			sourceTree = "<group>";
		};
/* End PBXVariantGroup section */

/* Begin XCBuildConfiguration section */
		CEB38F782942282300C9B014 /* Debug */ = {
			isa = XCBuildConfiguration;
			buildSettings = {
				ALWAYS_SEARCH_USER_PATHS = NO;
				CLANG_ANALYZER_NONNULL = YES;
				CLANG_ANALYZER_NUMBER_OBJECT_CONVERSION = YES_AGGRESSIVE;
				CLANG_CXX_LANGUAGE_STANDARD = "gnu++20";
				CLANG_ENABLE_MODULES = YES;
				CLANG_ENABLE_OBJC_ARC = YES;
				CLANG_ENABLE_OBJC_WEAK = YES;
				CLANG_WARN_BLOCK_CAPTURE_AUTORELEASING = YES;
				CLANG_WARN_BOOL_CONVERSION = YES;
				CLANG_WARN_COMMA = YES;
				CLANG_WARN_CONSTANT_CONVERSION = YES;
				CLANG_WARN_DEPRECATED_OBJC_IMPLEMENTATIONS = YES;
				CLANG_WARN_DIRECT_OBJC_ISA_USAGE = YES_ERROR;
				CLANG_WARN_DOCUMENTATION_COMMENTS = YES;
				CLANG_WARN_EMPTY_BODY = YES;
				CLANG_WARN_ENUM_CONVERSION = YES;
				CLANG_WARN_INFINITE_RECURSION = YES;
				CLANG_WARN_INT_CONVERSION = YES;
				CLANG_WARN_NON_LITERAL_NULL_CONVERSION = YES;
				CLANG_WARN_OBJC_IMPLICIT_RETAIN_SELF = YES;
				CLANG_WARN_OBJC_LITERAL_CONVERSION = YES;
				CLANG_WARN_OBJC_ROOT_CLASS = YES_ERROR;
				CLANG_WARN_QUOTED_INCLUDE_IN_FRAMEWORK_HEADER = YES;
				CLANG_WARN_RANGE_LOOP_ANALYSIS = YES;
				CLANG_WARN_STRICT_PROTOTYPES = YES;
				CLANG_WARN_SUSPICIOUS_MOVE = YES;
				CLANG_WARN_UNGUARDED_AVAILABILITY = YES_AGGRESSIVE;
				CLANG_WARN_UNREACHABLE_CODE = YES;
				CLANG_WARN__DUPLICATE_METHOD_MATCH = YES;
				COPY_PHASE_STRIP = NO;
				DEBUG_INFORMATION_FORMAT = dwarf;
				ENABLE_STRICT_OBJC_MSGSEND = YES;
				ENABLE_TESTABILITY = YES;
				GCC_C_LANGUAGE_STANDARD = gnu11;
				GCC_DYNAMIC_NO_PIC = NO;
				GCC_NO_COMMON_BLOCKS = YES;
				GCC_OPTIMIZATION_LEVEL = 0;
				GCC_PREPROCESSOR_DEFINITIONS = (
					"DEBUG=1",
					"$(inherited)",
				);
				GCC_WARN_64_TO_32_BIT_CONVERSION = YES;
				GCC_WARN_ABOUT_RETURN_TYPE = YES_ERROR;
				GCC_WARN_UNDECLARED_SELECTOR = YES;
				GCC_WARN_UNINITIALIZED_AUTOS = YES_AGGRESSIVE;
				GCC_WARN_UNUSED_FUNCTION = YES;
				GCC_WARN_UNUSED_VARIABLE = YES;
				MACOSX_DEPLOYMENT_TARGET = 12.3;
				MTL_ENABLE_DEBUG_INFO = INCLUDE_SOURCE;
				MTL_FAST_MATH = YES;
				ONLY_ACTIVE_ARCH = YES;
				SDKROOT = macosx;
				SWIFT_ACTIVE_COMPILATION_CONDITIONS = DEBUG;
				SWIFT_OBJC_BRIDGING_HEADER = MetalRenderer/Common.h;
				SWIFT_OPTIMIZATION_LEVEL = "-Onone";
			};
			name = Debug;
		};
		CEB38F792942282300C9B014 /* Release */ = {
			isa = XCBuildConfiguration;
			buildSettings = {
				ALWAYS_SEARCH_USER_PATHS = NO;
				CLANG_ANALYZER_NONNULL = YES;
				CLANG_ANALYZER_NUMBER_OBJECT_CONVERSION = YES_AGGRESSIVE;
				CLANG_CXX_LANGUAGE_STANDARD = "gnu++20";
				CLANG_ENABLE_MODULES = YES;
				CLANG_ENABLE_OBJC_ARC = YES;
				CLANG_ENABLE_OBJC_WEAK = YES;
				CLANG_WARN_BLOCK_CAPTURE_AUTORELEASING = YES;
				CLANG_WARN_BOOL_CONVERSION = YES;
				CLANG_WARN_COMMA = YES;
				CLANG_WARN_CONSTANT_CONVERSION = YES;
				CLANG_WARN_DEPRECATED_OBJC_IMPLEMENTATIONS = YES;
				CLANG_WARN_DIRECT_OBJC_ISA_USAGE = YES_ERROR;
				CLANG_WARN_DOCUMENTATION_COMMENTS = YES;
				CLANG_WARN_EMPTY_BODY = YES;
				CLANG_WARN_ENUM_CONVERSION = YES;
				CLANG_WARN_INFINITE_RECURSION = YES;
				CLANG_WARN_INT_CONVERSION = YES;
				CLANG_WARN_NON_LITERAL_NULL_CONVERSION = YES;
				CLANG_WARN_OBJC_IMPLICIT_RETAIN_SELF = YES;
				CLANG_WARN_OBJC_LITERAL_CONVERSION = YES;
				CLANG_WARN_OBJC_ROOT_CLASS = YES_ERROR;
				CLANG_WARN_QUOTED_INCLUDE_IN_FRAMEWORK_HEADER = YES;
				CLANG_WARN_RANGE_LOOP_ANALYSIS = YES;
				CLANG_WARN_STRICT_PROTOTYPES = YES;
				CLANG_WARN_SUSPICIOUS_MOVE = YES;
				CLANG_WARN_UNGUARDED_AVAILABILITY = YES_AGGRESSIVE;
				CLANG_WARN_UNREACHABLE_CODE = YES;
				CLANG_WARN__DUPLICATE_METHOD_MATCH = YES;
				COPY_PHASE_STRIP = NO;
				DEBUG_INFORMATION_FORMAT = "dwarf-with-dsym";
				ENABLE_NS_ASSERTIONS = NO;
				ENABLE_STRICT_OBJC_MSGSEND = YES;
				GCC_C_LANGUAGE_STANDARD = gnu11;
				GCC_NO_COMMON_BLOCKS = YES;
				GCC_WARN_64_TO_32_BIT_CONVERSION = YES;
				GCC_WARN_ABOUT_RETURN_TYPE = YES_ERROR;
				GCC_WARN_UNDECLARED_SELECTOR = YES;
				GCC_WARN_UNINITIALIZED_AUTOS = YES_AGGRESSIVE;
				GCC_WARN_UNUSED_FUNCTION = YES;
				GCC_WARN_UNUSED_VARIABLE = YES;
				MACOSX_DEPLOYMENT_TARGET = 12.3;
				MTL_ENABLE_DEBUG_INFO = NO;
				MTL_FAST_MATH = YES;
				SDKROOT = macosx;
				SWIFT_COMPILATION_MODE = wholemodule;
				SWIFT_OBJC_BRIDGING_HEADER = MetalRenderer/Common.h;
				SWIFT_OPTIMIZATION_LEVEL = "-O";
			};
			name = Release;
		};
		CEB38F7B2942282300C9B014 /* Debug */ = {
			isa = XCBuildConfiguration;
			buildSettings = {
				ASSETCATALOG_COMPILER_APPICON_NAME = AppIcon;
				ASSETCATALOG_COMPILER_GLOBAL_ACCENT_COLOR_NAME = AccentColor;
				CODE_SIGN_ENTITLEMENTS = MetalRenderer/MetalRenderer.entitlements;
				CODE_SIGN_STYLE = Automatic;
				COMBINE_HIDPI_IMAGES = YES;
				CURRENT_PROJECT_VERSION = 1;
				GENERATE_INFOPLIST_FILE = YES;
				INFOPLIST_KEY_NSHumanReadableCopyright = "";
				INFOPLIST_KEY_NSMainStoryboardFile = Main;
				INFOPLIST_KEY_NSPrincipalClass = NSApplication;
				LD_RUNPATH_SEARCH_PATHS = (
					"$(inherited)",
					"@executable_path/../Frameworks",
				);
				MARKETING_VERSION = 1.0;
				PRODUCT_BUNDLE_IDENTIFIER = leesy.MetalRenderer;
				PRODUCT_NAME = "$(TARGET_NAME)";
				SWIFT_EMIT_LOC_STRINGS = YES;
				SWIFT_VERSION = 5.0;
			};
			name = Debug;
		};
		CEB38F7C2942282300C9B014 /* Release */ = {
			isa = XCBuildConfiguration;
			buildSettings = {
				ASSETCATALOG_COMPILER_APPICON_NAME = AppIcon;
				ASSETCATALOG_COMPILER_GLOBAL_ACCENT_COLOR_NAME = AccentColor;
				CODE_SIGN_ENTITLEMENTS = MetalRenderer/MetalRenderer.entitlements;
				CODE_SIGN_STYLE = Automatic;
				COMBINE_HIDPI_IMAGES = YES;
				CURRENT_PROJECT_VERSION = 1;
				GENERATE_INFOPLIST_FILE = YES;
				INFOPLIST_KEY_NSHumanReadableCopyright = "";
				INFOPLIST_KEY_NSMainStoryboardFile = Main;
				INFOPLIST_KEY_NSPrincipalClass = NSApplication;
				LD_RUNPATH_SEARCH_PATHS = (
					"$(inherited)",
					"@executable_path/../Frameworks",
				);
				MARKETING_VERSION = 1.0;
				PRODUCT_BUNDLE_IDENTIFIER = leesy.MetalRenderer;
				PRODUCT_NAME = "$(TARGET_NAME)";
				SWIFT_EMIT_LOC_STRINGS = YES;
				SWIFT_VERSION = 5.0;
			};
			name = Release;
		};
/* End XCBuildConfiguration section */

/* Begin XCConfigurationList section */
		CEB38F662942282200C9B014 /* Build configuration list for PBXProject "MetalRenderer" */ = {
			isa = XCConfigurationList;
			buildConfigurations = (
				CEB38F782942282300C9B014 /* Debug */,
				CEB38F792942282300C9B014 /* Release */,
			);
			defaultConfigurationIsVisible = 0;
			defaultConfigurationName = Release;
		};
		CEB38F7A2942282300C9B014 /* Build configuration list for PBXNativeTarget "MetalRenderer" */ = {
			isa = XCConfigurationList;
			buildConfigurations = (
				CEB38F7B2942282300C9B014 /* Debug */,
				CEB38F7C2942282300C9B014 /* Release */,
			);
			defaultConfigurationIsVisible = 0;
			defaultConfigurationName = Release;
		};
/* End XCConfigurationList section */
	};
	rootObject = CEB38F632942282200C9B014 /* Project object */;
}
